// !$*UTF8*$!
{
	archiveVersion = 1;
	classes = {
	};
	objectVersion = 46;
	objects = {

/* Begin PBXBuildFile section */
		752E76B51B0C88DD00FAE749 /* main.m in Sources */ = {isa = PBXBuildFile; fileRef = 752E76B41B0C88DD00FAE749 /* main.m */; };
		752E76B81B0C88DD00FAE749 /* AppDelegate.m in Sources */ = {isa = PBXBuildFile; fileRef = 752E76B71B0C88DD00FAE749 /* AppDelegate.m */; };
		752E76BB1B0C88DD00FAE749 /* ViewController.m in Sources */ = {isa = PBXBuildFile; fileRef = 752E76BA1B0C88DD00FAE749 /* ViewController.m */; };
		752E76BE1B0C88DD00FAE749 /* Main.storyboard in Resources */ = {isa = PBXBuildFile; fileRef = 752E76BC1B0C88DD00FAE749 /* Main.storyboard */; };
		752E76C01B0C88DD00FAE749 /* Images.xcassets in Resources */ = {isa = PBXBuildFile; fileRef = 752E76BF1B0C88DD00FAE749 /* Images.xcassets */; };
		752E76C31B0C88DD00FAE749 /* LaunchScreen.xib in Resources */ = {isa = PBXBuildFile; fileRef = 752E76C11B0C88DD00FAE749 /* LaunchScreen.xib */; };
		752E76CF1B0C88DD00FAE749 /* TestWatchAppTests.m in Sources */ = {isa = PBXBuildFile; fileRef = 752E76CE1B0C88DD00FAE749 /* TestWatchAppTests.m */; };
/* End PBXBuildFile section */

/* Begin PBXContainerItemProxy section */
		752E76C91B0C88DD00FAE749 /* PBXContainerItemProxy */ = {
			isa = PBXContainerItemProxy;
			containerPortal = 752E76A71B0C88DD00FAE749 /* Project object */;
			proxyType = 1;
			remoteGlobalIDString = 752E76AE1B0C88DD00FAE749;
			remoteInfo = TestWatchApp;
		};
/* End PBXContainerItemProxy section */

/* Begin PBXFileReference section */
		752E76AF1B0C88DD00FAE749 /* TestWatchApp.app */ = {isa = PBXFileReference; explicitFileType = wrapper.application; includeInIndex = 0; path = TestWatchApp.app; sourceTree = BUILT_PRODUCTS_DIR; };
		752E76B31B0C88DD00FAE749 /* Info.plist */ = {isa = PBXFileReference; lastKnownFileType = text.plist.xml; path = Info.plist; sourceTree = "<group>"; };
		752E76B41B0C88DD00FAE749 /* main.m */ = {isa = PBXFileReference; lastKnownFileType = sourcecode.c.objc; path = main.m; sourceTree = "<group>"; };
		752E76B61B0C88DD00FAE749 /* AppDelegate.h */ = {isa = PBXFileReference; lastKnownFileType = sourcecode.c.h; path = AppDelegate.h; sourceTree = "<group>"; };
		752E76B71B0C88DD00FAE749 /* AppDelegate.m */ = {isa = PBXFileReference; lastKnownFileType = sourcecode.c.objc; path = AppDelegate.m; sourceTree = "<group>"; };
		752E76B91B0C88DD00FAE749 /* ViewController.h */ = {isa = PBXFileReference; lastKnownFileType = sourcecode.c.h; path = ViewController.h; sourceTree = "<group>"; };
		752E76BA1B0C88DD00FAE749 /* ViewController.m */ = {isa = PBXFileReference; lastKnownFileType = sourcecode.c.objc; path = ViewController.m; sourceTree = "<group>"; };
		752E76BD1B0C88DD00FAE749 /* Base */ = {isa = PBXFileReference; lastKnownFileType = file.storyboard; name = Base; path = Base.lproj/Main.storyboard; sourceTree = "<group>"; };
		752E76BF1B0C88DD00FAE749 /* Images.xcassets */ = {isa = PBXFileReference; lastKnownFileType = folder.assetcatalog; path = Images.xcassets; sourceTree = "<group>"; };
		752E76C21B0C88DD00FAE749 /* Base */ = {isa = PBXFileReference; lastKnownFileType = file.xib; name = Base; path = Base.lproj/LaunchScreen.xib; sourceTree = "<group>"; };
		752E76C81B0C88DD00FAE749 /* TestWatchAppTests.xctest */ = {isa = PBXFileReference; explicitFileType = wrapper.cfbundle; includeInIndex = 0; path = TestWatchAppTests.xctest; sourceTree = BUILT_PRODUCTS_DIR; };
		752E76CD1B0C88DD00FAE749 /* Info.plist */ = {isa = PBXFileReference; lastKnownFileType = text.plist.xml; path = Info.plist; sourceTree = "<group>"; };
		752E76CE1B0C88DD00FAE749 /* TestWatchAppTests.m */ = {isa = PBXFileReference; lastKnownFileType = sourcecode.c.objc; path = TestWatchAppTests.m; sourceTree = "<group>"; };
/* End PBXFileReference section */

/* Begin PBXFrameworksBuildPhase section */
		752E76AC1B0C88DD00FAE749 /* Frameworks */ = {
			isa = PBXFrameworksBuildPhase;
			buildActionMask = 2147483647;
			files = (
			);
			runOnlyForDeploymentPostprocessing = 0;
		};
		752E76C51B0C88DD00FAE749 /* Frameworks */ = {
			isa = PBXFrameworksBuildPhase;
			buildActionMask = 2147483647;
			files = (
			);
			runOnlyForDeploymentPostprocessing = 0;
		};
/* End PBXFrameworksBuildPhase section */

/* Begin PBXGroup section */
		752E76A61B0C88DD00FAE749 = {
			isa = PBXGroup;
			children = (
				752E76B11B0C88DD00FAE749 /* TestWatchApp */,
				752E76CB1B0C88DD00FAE749 /* TestWatchAppTests */,
				752E76B01B0C88DD00FAE749 /* Products */,
			);
			sourceTree = "<group>";
		};
		752E76B01B0C88DD00FAE749 /* Products */ = {
			isa = PBXGroup;
			children = (
				752E76AF1B0C88DD00FAE749 /* TestWatchApp.app */,
				752E76C81B0C88DD00FAE749 /* TestWatchAppTests.xctest */,
			);
			name = Products;
			sourceTree = "<group>";
		};
		752E76B11B0C88DD00FAE749 /* TestWatchApp */ = {
			isa = PBXGroup;
			children = (
				752E76B61B0C88DD00FAE749 /* AppDelegate.h */,
				752E76B71B0C88DD00FAE749 /* AppDelegate.m */,
				752E76B91B0C88DD00FAE749 /* ViewController.h */,
				752E76BA1B0C88DD00FAE749 /* ViewController.m */,
				752E76BC1B0C88DD00FAE749 /* Main.storyboard */,
				752E76BF1B0C88DD00FAE749 /* Images.xcassets */,
				752E76C11B0C88DD00FAE749 /* LaunchScreen.xib */,
				752E76B21B0C88DD00FAE749 /* Supporting Files */,
			);
			path = TestWatchApp;
			sourceTree = "<group>";
		};
		752E76B21B0C88DD00FAE749 /* Supporting Files */ = {
			isa = PBXGroup;
			children = (
				752E76B31B0C88DD00FAE749 /* Info.plist */,
				752E76B41B0C88DD00FAE749 /* main.m */,
			);
			name = "Supporting Files";
			sourceTree = "<group>";
		};
		752E76CB1B0C88DD00FAE749 /* TestWatchAppTests */ = {
			isa = PBXGroup;
			children = (
				752E76CE1B0C88DD00FAE749 /* TestWatchAppTests.m */,
				752E76CC1B0C88DD00FAE749 /* Supporting Files */,
			);
			path = TestWatchAppTests;
			sourceTree = "<group>";
		};
		752E76CC1B0C88DD00FAE749 /* Supporting Files */ = {
			isa = PBXGroup;
			children = (
				752E76CD1B0C88DD00FAE749 /* Info.plist */,
			);
			name = "Supporting Files";
			sourceTree = "<group>";
		};
/* End PBXGroup section */

/* Begin PBXNativeTarget section */
		752E76AE1B0C88DD00FAE749 /* TestWatchApp */ = {
			isa = PBXNativeTarget;
			buildConfigurationList = 752E76D21B0C88DD00FAE749 /* Build configuration list for PBXNativeTarget "TestWatchApp" */;
			buildPhases = (
				752E76AB1B0C88DD00FAE749 /* Sources */,
				752E76AC1B0C88DD00FAE749 /* Frameworks */,
				752E76AD1B0C88DD00FAE749 /* Resources */,
			);
			buildRules = (
			);
			dependencies = (
			);
			name = TestWatchApp;
			productName = TestWatchApp;
			productReference = 752E76AF1B0C88DD00FAE749 /* TestWatchApp.app */;
			productType = "com.apple.product-type.application";
		};
		752E76C71B0C88DD00FAE749 /* TestWatchAppTests */ = {
			isa = PBXNativeTarget;
			buildConfigurationList = 752E76D51B0C88DD00FAE749 /* Build configuration list for PBXNativeTarget "TestWatchAppTests" */;
			buildPhases = (
				752E76C41B0C88DD00FAE749 /* Sources */,
				752E76C51B0C88DD00FAE749 /* Frameworks */,
				752E76C61B0C88DD00FAE749 /* Resources */,
			);
			buildRules = (
			);
			dependencies = (
				752E76CA1B0C88DD00FAE749 /* PBXTargetDependency */,
			);
			name = TestWatchAppTests;
			productName = TestWatchAppTests;
			productReference = 752E76C81B0C88DD00FAE749 /* TestWatchAppTests.xctest */;
			productType = "com.apple.product-type.bundle.unit-test";
		};
/* End PBXNativeTarget section */

/* Begin PBXProject section */
		752E76A71B0C88DD00FAE749 /* Project object */ = {
			isa = PBXProject;
			attributes = {
				LastUpgradeCheck = 0630;
				ORGANIZATIONNAME = "Than Dang";
				TargetAttributes = {
					752E76AE1B0C88DD00FAE749 = {
						CreatedOnToolsVersion = 6.3;
					};
					752E76C71B0C88DD00FAE749 = {
						CreatedOnToolsVersion = 6.3;
						TestTargetID = 752E76AE1B0C88DD00FAE749;
					};
				};
			};
			buildConfigurationList = 752E76AA1B0C88DD00FAE749 /* Build configuration list for PBXProject "TestWatchApp" */;
			compatibilityVersion = "Xcode 3.2";
			developmentRegion = English;
			hasScannedForEncodings = 0;
			knownRegions = (
				en,
				Base,
			);
			mainGroup = 752E76A61B0C88DD00FAE749;
			productRefGroup = 752E76B01B0C88DD00FAE749 /* Products */;
			projectDirPath = "";
			projectRoot = "";
			targets = (
				752E76AE1B0C88DD00FAE749 /* TestWatchApp */,
				752E76C71B0C88DD00FAE749 /* TestWatchAppTests */,
			);
		};
/* End PBXProject section */

/* Begin PBXResourcesBuildPhase section */
		752E76AD1B0C88DD00FAE749 /* Resources */ = {
			isa = PBXResourcesBuildPhase;
			buildActionMask = 2147483647;
			files = (
				752E76BE1B0C88DD00FAE749 /* Main.storyboard in Resources */,
				752E76C31B0C88DD00FAE749 /* LaunchScreen.xib in Resources */,
				752E76C01B0C88DD00FAE749 /* Images.xcassets in Resources */,
			);
			runOnlyForDeploymentPostprocessing = 0;
		};
		752E76C61B0C88DD00FAE749 /* Resources */ = {
			isa = PBXResourcesBuildPhase;
			buildActionMask = 2147483647;
			files = (
			);
			runOnlyForDeploymentPostprocessing = 0;
		};
/* End PBXResourcesBuildPhase section */

/* Begin PBXSourcesBuildPhase section */
		752E76AB1B0C88DD00FAE749 /* Sources */ = {
			isa = PBXSourcesBuildPhase;
			buildActionMask = 2147483647;
			files = (
				752E76BB1B0C88DD00FAE749 /* ViewController.m in Sources */,
				752E76B81B0C88DD00FAE749 /* AppDelegate.m in Sources */,
				752E76B51B0C88DD00FAE749 /* main.m in Sources */,
			);
			runOnlyForDeploymentPostprocessing = 0;
		};
		752E76C41B0C88DD00FAE749 /* Sources */ = {
			isa = PBXSourcesBuildPhase;
			buildActionMask = 2147483647;
			files = (
				752E76CF1B0C88DD00FAE749 /* TestWatchAppTests.m in Sources */,
			);
			runOnlyForDeploymentPostprocessing = 0;
		};
/* End PBXSourcesBuildPhase section */

/* Begin PBXTargetDependency section */
		752E76CA1B0C88DD00FAE749 /* PBXTargetDependency */ = {
			isa = PBXTargetDependency;
			target = 752E76AE1B0C88DD00FAE749 /* TestWatchApp */;
			targetProxy = 752E76C91B0C88DD00FAE749 /* PBXContainerItemProxy */;
		};
/* End PBXTargetDependency section */

/* Begin PBXVariantGroup section */
		752E76BC1B0C88DD00FAE749 /* Main.storyboard */ = {
			isa = PBXVariantGroup;
			children = (
				752E76BD1B0C88DD00FAE749 /* Base */,
			);
			name = Main.storyboard;
			sourceTree = "<group>";
		};
		752E76C11B0C88DD00FAE749 /* LaunchScreen.xib */ = {
			isa = PBXVariantGroup;
			children = (
				752E76C21B0C88DD00FAE749 /* Base */,
			);
			name = LaunchScreen.xib;
			sourceTree = "<group>";
		};
/* End PBXVariantGroup section */

/* Begin XCBuildConfiguration section */
		752E76D01B0C88DD00FAE749 /* Debug */ = {
			isa = XCBuildConfiguration;
			buildSettings = {
				ALWAYS_SEARCH_USER_PATHS = NO;
				CLANG_CXX_LANGUAGE_STANDARD = "gnu++0x";
				CLANG_CXX_LIBRARY = "libc++";
				CLANG_ENABLE_MODULES = YES;
				CLANG_ENABLE_OBJC_ARC = YES;
				CLANG_WARN_BOOL_CONVERSION = YES;
				CLANG_WARN_CONSTANT_CONVERSION = YES;
				CLANG_WARN_DIRECT_OBJC_ISA_USAGE = YES_ERROR;
				CLANG_WARN_EMPTY_BODY = YES;
				CLANG_WARN_ENUM_CONVERSION = YES;
				CLANG_WARN_INT_CONVERSION = YES;
				CLANG_WARN_OBJC_ROOT_CLASS = YES_ERROR;
				CLANG_WARN_UNREACHABLE_CODE = YES;
				CLANG_WARN__DUPLICATE_METHOD_MATCH = YES;
				"CODE_SIGN_IDENTITY[sdk=iphoneos*]" = "iPhone Developer";
				COPY_PHASE_STRIP = NO;
				DEBUG_INFORMATION_FORMAT = "dwarf-with-dsym";
				ENABLE_STRICT_OBJC_MSGSEND = YES;
				GCC_C_LANGUAGE_STANDARD = gnu99;
				GCC_DYNAMIC_NO_PIC = NO;
				GCC_NO_COMMON_BLOCKS = YES;
				GCC_OPTIMIZATION_LEVEL = 0;
				GCC_PREPROCESSOR_DEFINITIONS = (
					"DEBUG=1",
					"$(inherited)",
				);
				GCC_SYMBOLS_PRIVATE_EXTERN = NO;
				GCC_WARN_64_TO_32_BIT_CONVERSION = YES;
				GCC_WARN_ABOUT_RETURN_TYPE = YES_ERROR;
				GCC_WARN_UNDECLARED_SELECTOR = YES;
				GCC_WARN_UNINITIALIZED_AUTOS = YES_AGGRESSIVE;
				GCC_WARN_UNUSED_FUNCTION = YES;
				GCC_WARN_UNUSED_VARIABLE = YES;
				IPHONEOS_DEPLOYMENT_TARGET = 8.3;
				MTL_ENABLE_DEBUG_INFO = YES;
				ONLY_ACTIVE_ARCH = YES;
				SDKROOT = iphoneos;
				TARGETED_DEVICE_FAMILY = "1,2";
			};
			name = Debug;
		};
		752E76D11B0C88DD00FAE749 /* Release */ = {
			isa = XCBuildConfiguration;
			buildSettings = {
				ALWAYS_SEARCH_USER_PATHS = NO;
				CLANG_CXX_LANGUAGE_STANDARD = "gnu++0x";
				CLANG_CXX_LIBRARY = "libc++";
				CLANG_ENABLE_MODULES = YES;
				CLANG_ENABLE_OBJC_ARC = YES;
				CLANG_WARN_BOOL_CONVERSION = YES;
				CLANG_WARN_CONSTANT_CONVERSION = YES;
				CLANG_WARN_DIRECT_OBJC_ISA_USAGE = YES_ERROR;
				CLANG_WARN_EMPTY_BODY = YES;
				CLANG_WARN_ENUM_CONVERSION = YES;
				CLANG_WARN_INT_CONVERSION = YES;
				CLANG_WARN_OBJC_ROOT_CLASS = YES_ERROR;
				CLANG_WARN_UNREACHABLE_CODE = YES;
				CLANG_WARN__DUPLICATE_METHOD_MATCH = YES;
				"CODE_SIGN_IDENTITY[sdk=iphoneos*]" = "iPhone Developer";
				COPY_PHASE_STRIP = NO;
				DEBUG_INFORMATION_FORMAT = "dwarf-with-dsym";
				ENABLE_NS_ASSERTIONS = NO;
				ENABLE_STRICT_OBJC_MSGSEND = YES;
				GCC_C_LANGUAGE_STANDARD = gnu99;
				GCC_NO_COMMON_BLOCKS = YES;
				GCC_WARN_64_TO_32_BIT_CONVERSION = YES;
				GCC_WARN_ABOUT_RETURN_TYPE = YES_ERROR;
				GCC_WARN_UNDECLARED_SELECTOR = YES;
				GCC_WARN_UNINITIALIZED_AUTOS = YES_AGGRESSIVE;
				GCC_WARN_UNUSED_FUNCTION = YES;
				GCC_WARN_UNUSED_VARIABLE = YES;
				IPHONEOS_DEPLOYMENT_TARGET = 8.3;
				MTL_ENABLE_DEBUG_INFO = NO;
				SDKROOT = iphoneos;
				TARGETED_DEVICE_FAMILY = "1,2";
				VALIDATE_PRODUCT = YES;
			};
			name = Release;
		};
		752E76D31B0C88DD00FAE749 /* Debug */ = {
			isa = XCBuildConfiguration;
			buildSettings = {
				ASSETCATALOG_COMPILER_APPICON_NAME = AppIcon;
				INFOPLIST_FILE = TestWatchApp/Info.plist;
				LD_RUNPATH_SEARCH_PATHS = "$(inherited) @executable_path/Frameworks";
				PRODUCT_NAME = "$(TARGET_NAME)";
			};
			name = Debug;
		};
		752E76D41B0C88DD00FAE749 /* Release */ = {
			isa = XCBuildConfiguration;
			buildSettings = {
				ASSETCATALOG_COMPILER_APPICON_NAME = AppIcon;
				INFOPLIST_FILE = TestWatchApp/Info.plist;
				LD_RUNPATH_SEARCH_PATHS = "$(inherited) @executable_path/Frameworks";
				PRODUCT_NAME = "$(TARGET_NAME)";
			};
			name = Release;
		};
		752E76D61B0C88DD00FAE749 /* Debug */ = {
			isa = XCBuildConfiguration;
			buildSettings = {
				BUNDLE_LOADER = "$(TEST_HOST)";
				FRAMEWORK_SEARCH_PATHS = (
					"$(SDKROOT)/Developer/Library/Frameworks",
					"$(inherited)",
				);
				GCC_PREPROCESSOR_DEFINITIONS = (
					"DEBUG=1",
					"$(inherited)",
				);
				INFOPLIST_FILE = TestWatchAppTests/Info.plist;
				LD_RUNPATH_SEARCH_PATHS = "$(inherited) @executable_path/Frameworks @loader_path/Frameworks";
				PRODUCT_NAME = "$(TARGET_NAME)";
				TEST_HOST = "$(BUILT_PRODUCTS_DIR)/TestWatchApp.app/TestWatchApp";
			};
			name = Debug;
		};
		752E76D71B0C88DD00FAE749 /* Release */ = {
			isa = XCBuildConfiguration;
			buildSettings = {
				BUNDLE_LOADER = "$(TEST_HOST)";
				FRAMEWORK_SEARCH_PATHS = (
					"$(SDKROOT)/Developer/Library/Frameworks",
					"$(inherited)",
				);
				INFOPLIST_FILE = TestWatchAppTests/Info.plist;
				LD_RUNPATH_SEARCH_PATHS = "$(inherited) @executable_path/Frameworks @loader_path/Frameworks";
				PRODUCT_NAME = "$(TARGET_NAME)";
				TEST_HOST = "$(BUILT_PRODUCTS_DIR)/TestWatchApp.app/TestWatchApp";
			};
			name = Release;
		};
/* End XCBuildConfiguration section */

/* Begin XCConfigurationList section */
		752E76AA1B0C88DD00FAE749 /* Build configuration list for PBXProject "TestWatchApp" */ = {
			isa = XCConfigurationList;
			buildConfigurations = (
				752E76D01B0C88DD00FAE749 /* Debug */,
				752E76D11B0C88DD00FAE749 /* Release */,
			);
			defaultConfigurationIsVisible = 0;
			defaultConfigurationName = Release;
		};
		752E76D21B0C88DD00FAE749 /* Build configuration list for PBXNativeTarget "TestWatchApp" */ = {
			isa = XCConfigurationList;
			buildConfigurations = (
				752E76D31B0C88DD00FAE749 /* Debug */,
				752E76D41B0C88DD00FAE749 /* Release */,
			);
			defaultConfigurationIsVisible = 0;
		};
		752E76D51B0C88DD00FAE749 /* Build configuration list for PBXNativeTarget "TestWatchAppTests" */ = {
			isa = XCConfigurationList;
			buildConfigurations = (
				752E76D61B0C88DD00FAE749 /* Debug */,
				752E76D71B0C88DD00FAE749 /* Release */,
			);
			defaultConfigurationIsVisible = 0;
		};
/* End XCConfigurationList section */
	};
	rootObject = 752E76A71B0C88DD00FAE749 /* Project object */;
}
